{
  "name": "wiki",
  "lockfileVersion": 2,
  "requires": true,
  "packages": {
    "": {
      "dependencies": {
        "tiddlywiki": "^5.2.4"
      }
    },
    "node_modules/tiddlywiki": {
      "version": "5.2.4",
      "resolved": "https://registry.npmjs.org/tiddlywiki/-/tiddlywiki-5.2.4.tgz",
      "integrity": "sha512-D6x7eoqGC6nbPnapnMxC3H/1umV1Hl8UdDRvsYL80qsl0vumCNbXxs13Q99KUqgNlIvVi5Acmx0uOcLWHaST2A==",
      "bin": {
        "tiddlywiki": "tiddlywiki.js"
      },
      "engines": {
        "node": ">=0.8.2"
      }
    }
  },
  "dependencies": {
    "tiddlywiki": {
      "version": "5.2.4",
      "resolved": "https://registry.npmjs.org/tiddlywiki/-/tiddlywiki-5.2.4.tgz",
      "integrity": "sha512-D6x7eoqGC6nbPnapnMxC3H/1umV1Hl8UdDRvsYL80qsl0vumCNbXxs13Q99KUqgNlIvVi5Acmx0uOcLWHaST2A=="
    }
  }
}
