{
  "name": "wiki",
  "lockfileVersion": 2,
  "requires": true,
  "packages": {
    "": {
      "dependencies": {
        "tiddlywiki": "^5.2.6"
      }
    },
    "node_modules/tiddlywiki": {
      "version": "5.2.6",
      "resolved": "https://registry.npmjs.org/tiddlywiki/-/tiddlywiki-5.2.6.tgz",
      "integrity": "sha512-wU2AuRgnrvhe0VQVo4+pT08iWGkhszH2V1sUI/0tlh52huatYivXR5HDT9giC7CazLz5yd7GwgwP+qrNRElPDg==",
      "bin": {
        "tiddlywiki": "tiddlywiki.js"
      },
      "engines": {
        "node": ">=0.8.2"
      }
    }
  },
  "dependencies": {
    "tiddlywiki": {
      "version": "5.2.6",
      "resolved": "https://registry.npmjs.org/tiddlywiki/-/tiddlywiki-5.2.6.tgz",
      "integrity": "sha512-wU2AuRgnrvhe0VQVo4+pT08iWGkhszH2V1sUI/0tlh52huatYivXR5HDT9giC7CazLz5yd7GwgwP+qrNRElPDg=="
    }
  }
}
