{
  "name": "wiki",
  "lockfileVersion": 2,
  "requires": true,
  "packages": {
    "": {
      "dependencies": {
        "tiddlywiki": "^5.2.5"
      }
    },
    "node_modules/tiddlywiki": {
      "version": "5.2.5",
      "resolved": "https://registry.npmjs.org/tiddlywiki/-/tiddlywiki-5.2.5.tgz",
      "integrity": "sha512-Xfq9NHxAwg2UvCimbtZWWqZyfUpVyq1w+tfb0vMrx3wyWK3VZD1hogJTN1a5qBNyvD9d+WmpZkCw/xN5smRzLQ==",
      "bin": {
        "tiddlywiki": "tiddlywiki.js"
      },
      "engines": {
        "node": ">=0.8.2"
      }
    }
  },
  "dependencies": {
    "tiddlywiki": {
      "version": "5.2.5",
      "resolved": "https://registry.npmjs.org/tiddlywiki/-/tiddlywiki-5.2.5.tgz",
      "integrity": "sha512-Xfq9NHxAwg2UvCimbtZWWqZyfUpVyq1w+tfb0vMrx3wyWK3VZD1hogJTN1a5qBNyvD9d+WmpZkCw/xN5smRzLQ=="
    }
  }
}
